
Microsoft Visual Studio Solution File, Format Version 12.00
# Visual Studio Version 16
VisualStudioVersion = 16.0.30128.74
MinimumVisualStudioVersion = 10.0.40219.1
Project("{FAE04EC0-301F-11D3-BF4B-00C04F79EFBC}") = "uz-2", "uz-2.csproj", "{83CF0B06-0F35-436B-A73B-837891D9FE86}"
EndProject
Global
	GlobalSection(SolutionConfigurationPlatforms) = preSolution
		Debug|Any CPU = Debug|Any CPU
		Release|Any CPU = Release|Any CPU
	EndGlobalSection
	GlobalSection(ProjectConfigurationPlatforms) = postSolution
		{83CF0B06-0F35-436B-A73B-837891D9FE86}.Debug|Any CPU.ActiveCfg = Debug|Any CPU
		{83CF0B06-0F35-436B-A73B-837891D9FE86}.Debug|Any CPU.Build.0 = Debug|Any CPU
		{83CF0B06-0F35-436B-A73B-837891D9FE86}.Release|Any CPU.ActiveCfg = Release|Any CPU
		{83CF0B06-0F35-436B-A73B-837891D9FE86}.Release|Any CPU.Build.0 = Release|Any CPU
	EndGlobalSection
	GlobalSection(SolutionProperties) = preSolution
		HideSolutionNode = FALSE
	EndGlobalSection
	GlobalSection(ExtensibilityGlobals) = postSolution
		SolutionGuid = {2E39DC8F-0B85-4E23-A47D-962BC8D768BF}
	EndGlobalSection
EndGlobal
