
Microsoft Visual Studio Solution File, Format Version 12.00
# Visual Studio Version 16
VisualStudioVersion = 16.0.30204.135
MinimumVisualStudioVersion = 10.0.40219.1
Project("{FAE04EC0-301F-11D3-BF4B-00C04F79EFBC}") = "uz_1", "uz_1.csproj", "{AB45CF8D-0848-4F58-A58A-2E87379B851E}"
EndProject
Global
	GlobalSection(SolutionConfigurationPlatforms) = preSolution
		Debug|Any CPU = Debug|Any CPU
		Release|Any CPU = Release|Any CPU
	EndGlobalSection
	GlobalSection(ProjectConfigurationPlatforms) = postSolution
		{AB45CF8D-0848-4F58-A58A-2E87379B851E}.Debug|Any CPU.ActiveCfg = Debug|Any CPU
		{AB45CF8D-0848-4F58-A58A-2E87379B851E}.Debug|Any CPU.Build.0 = Debug|Any CPU
		{AB45CF8D-0848-4F58-A58A-2E87379B851E}.Release|Any CPU.ActiveCfg = Release|Any CPU
		{AB45CF8D-0848-4F58-A58A-2E87379B851E}.Release|Any CPU.Build.0 = Release|Any CPU
	EndGlobalSection
	GlobalSection(SolutionProperties) = preSolution
		HideSolutionNode = FALSE
	EndGlobalSection
	GlobalSection(ExtensibilityGlobals) = postSolution
		SolutionGuid = {95E1D7EE-C3E2-4247-B72B-6E5A7FADB077}
	EndGlobalSection
EndGlobal
