
Microsoft Visual Studio Solution File, Format Version 12.00
# Visual Studio Version 16
VisualStudioVersion = 16.0.30225.117
MinimumVisualStudioVersion = 10.0.40219.1
Project("{FAE04EC0-301F-11D3-BF4B-00C04F79EFBC}") = "TestavimoUzduotis", "TestavimoUzduotis\TestavimoUzduotis.csproj", "{99165AE5-E880-459F-B86F-0252E8387DBC}"
EndProject
Project("{FAE04EC0-301F-11D3-BF4B-00C04F79EFBC}") = "UnitTestSkaiciuotuvas", "UnitTestSkaiciuotuvas\UnitTestSkaiciuotuvas.csproj", "{B988F2C6-72F3-42C4-8327-7C265EC93FE1}"
EndProject
Project("{FAE04EC0-301F-11D3-BF4B-00C04F79EFBC}") = "UnitTestZaidimas", "UnitTestZaidimas\UnitTestZaidimas.csproj", "{80126527-983F-4E17-ADA2-D9A925FC4EC0}"
EndProject
Global
	GlobalSection(SolutionConfigurationPlatforms) = preSolution
		Debug|Any CPU = Debug|Any CPU
		Release|Any CPU = Release|Any CPU
	EndGlobalSection
	GlobalSection(ProjectConfigurationPlatforms) = postSolution
		{99165AE5-E880-459F-B86F-0252E8387DBC}.Debug|Any CPU.ActiveCfg = Debug|Any CPU
		{99165AE5-E880-459F-B86F-0252E8387DBC}.Debug|Any CPU.Build.0 = Debug|Any CPU
		{99165AE5-E880-459F-B86F-0252E8387DBC}.Release|Any CPU.ActiveCfg = Release|Any CPU
		{99165AE5-E880-459F-B86F-0252E8387DBC}.Release|Any CPU.Build.0 = Release|Any CPU
		{B988F2C6-72F3-42C4-8327-7C265EC93FE1}.Debug|Any CPU.ActiveCfg = Debug|Any CPU
		{B988F2C6-72F3-42C4-8327-7C265EC93FE1}.Debug|Any CPU.Build.0 = Debug|Any CPU
		{B988F2C6-72F3-42C4-8327-7C265EC93FE1}.Release|Any CPU.ActiveCfg = Release|Any CPU
		{B988F2C6-72F3-42C4-8327-7C265EC93FE1}.Release|Any CPU.Build.0 = Release|Any CPU
		{80126527-983F-4E17-ADA2-D9A925FC4EC0}.Debug|Any CPU.ActiveCfg = Debug|Any CPU
		{80126527-983F-4E17-ADA2-D9A925FC4EC0}.Debug|Any CPU.Build.0 = Debug|Any CPU
		{80126527-983F-4E17-ADA2-D9A925FC4EC0}.Release|Any CPU.ActiveCfg = Release|Any CPU
		{80126527-983F-4E17-ADA2-D9A925FC4EC0}.Release|Any CPU.Build.0 = Release|Any CPU
	EndGlobalSection
	GlobalSection(SolutionProperties) = preSolution
		HideSolutionNode = FALSE
	EndGlobalSection
	GlobalSection(ExtensibilityGlobals) = postSolution
		SolutionGuid = {6BC858D7-F4F7-4CFF-97A8-52A21BC4B98F}
	EndGlobalSection
EndGlobal
