
Microsoft Visual Studio Solution File, Format Version 12.00
# Visual Studio Version 16
VisualStudioVersion = 16.0.30204.135
MinimumVisualStudioVersion = 10.0.40219.1
Project("{FAE04EC0-301F-11D3-BF4B-00C04F79EFBC}") = "uz-3", "uz-3.csproj", "{66960DD9-5E17-4E99-B599-E518DFBFFC36}"
EndProject
Global
	GlobalSection(SolutionConfigurationPlatforms) = preSolution
		Debug|Any CPU = Debug|Any CPU
		Release|Any CPU = Release|Any CPU
	EndGlobalSection
	GlobalSection(ProjectConfigurationPlatforms) = postSolution
		{66960DD9-5E17-4E99-B599-E518DFBFFC36}.Debug|Any CPU.ActiveCfg = Debug|Any CPU
		{66960DD9-5E17-4E99-B599-E518DFBFFC36}.Debug|Any CPU.Build.0 = Debug|Any CPU
		{66960DD9-5E17-4E99-B599-E518DFBFFC36}.Release|Any CPU.ActiveCfg = Release|Any CPU
		{66960DD9-5E17-4E99-B599-E518DFBFFC36}.Release|Any CPU.Build.0 = Release|Any CPU
	EndGlobalSection
	GlobalSection(SolutionProperties) = preSolution
		HideSolutionNode = FALSE
	EndGlobalSection
	GlobalSection(ExtensibilityGlobals) = postSolution
		SolutionGuid = {3F0BC7CD-F51D-427D-81BC-2D9A7375687C}
	EndGlobalSection
EndGlobal
