
Microsoft Visual Studio Solution File, Format Version 12.00
# Visual Studio Version 16
VisualStudioVersion = 16.0.30128.74
MinimumVisualStudioVersion = 10.0.40219.1
Project("{FAE04EC0-301F-11D3-BF4B-00C04F79EFBC}") = "Metodas", "Metodas.csproj", "{20DD2729-E8AE-44BE-83B7-5713162FBC74}"
EndProject
Global
	GlobalSection(SolutionConfigurationPlatforms) = preSolution
		Debug|Any CPU = Debug|Any CPU
		Release|Any CPU = Release|Any CPU
	EndGlobalSection
	GlobalSection(ProjectConfigurationPlatforms) = postSolution
		{20DD2729-E8AE-44BE-83B7-5713162FBC74}.Debug|Any CPU.ActiveCfg = Debug|Any CPU
		{20DD2729-E8AE-44BE-83B7-5713162FBC74}.Debug|Any CPU.Build.0 = Debug|Any CPU
		{20DD2729-E8AE-44BE-83B7-5713162FBC74}.Release|Any CPU.ActiveCfg = Release|Any CPU
		{20DD2729-E8AE-44BE-83B7-5713162FBC74}.Release|Any CPU.Build.0 = Release|Any CPU
	EndGlobalSection
	GlobalSection(SolutionProperties) = preSolution
		HideSolutionNode = FALSE
	EndGlobalSection
	GlobalSection(ExtensibilityGlobals) = postSolution
		SolutionGuid = {6F0AF883-C206-4F50-B8B5-D7537FD94899}
	EndGlobalSection
EndGlobal
