
Microsoft Visual Studio Solution File, Format Version 12.00
# Visual Studio Version 16
VisualStudioVersion = 16.0.30204.135
MinimumVisualStudioVersion = 10.0.40219.1
Project("{FAE04EC0-301F-11D3-BF4B-00C04F79EFBC}") = "WindowsFormsApp1", "WindowsFormsApp1.csproj", "{CC06C48A-A932-4CA4-B563-5271AA641C4A}"
EndProject
Global
	GlobalSection(SolutionConfigurationPlatforms) = preSolution
		Debug|Any CPU = Debug|Any CPU
		Release|Any CPU = Release|Any CPU
	EndGlobalSection
	GlobalSection(ProjectConfigurationPlatforms) = postSolution
		{CC06C48A-A932-4CA4-B563-5271AA641C4A}.Debug|Any CPU.ActiveCfg = Debug|Any CPU
		{CC06C48A-A932-4CA4-B563-5271AA641C4A}.Debug|Any CPU.Build.0 = Debug|Any CPU
		{CC06C48A-A932-4CA4-B563-5271AA641C4A}.Release|Any CPU.ActiveCfg = Release|Any CPU
		{CC06C48A-A932-4CA4-B563-5271AA641C4A}.Release|Any CPU.Build.0 = Release|Any CPU
	EndGlobalSection
	GlobalSection(SolutionProperties) = preSolution
		HideSolutionNode = FALSE
	EndGlobalSection
	GlobalSection(ExtensibilityGlobals) = postSolution
		SolutionGuid = {274B954B-8D15-4BDD-B804-4B60F74E69B2}
	EndGlobalSection
EndGlobal
