
Microsoft Visual Studio Solution File, Format Version 12.00
# Visual Studio Version 16
VisualStudioVersion = 16.0.30128.74
MinimumVisualStudioVersion = 10.0.40219.1
Project("{FAE04EC0-301F-11D3-BF4B-00C04F79EFBC}") = "1", "1.csproj", "{2AA4B82F-DE14-44C0-9D94-3A7058D66B4F}"
EndProject
Global
	GlobalSection(SolutionConfigurationPlatforms) = preSolution
		Debug|Any CPU = Debug|Any CPU
		Release|Any CPU = Release|Any CPU
	EndGlobalSection
	GlobalSection(ProjectConfigurationPlatforms) = postSolution
		{2AA4B82F-DE14-44C0-9D94-3A7058D66B4F}.Debug|Any CPU.ActiveCfg = Debug|Any CPU
		{2AA4B82F-DE14-44C0-9D94-3A7058D66B4F}.Debug|Any CPU.Build.0 = Debug|Any CPU
		{2AA4B82F-DE14-44C0-9D94-3A7058D66B4F}.Release|Any CPU.ActiveCfg = Release|Any CPU
		{2AA4B82F-DE14-44C0-9D94-3A7058D66B4F}.Release|Any CPU.Build.0 = Release|Any CPU
	EndGlobalSection
	GlobalSection(SolutionProperties) = preSolution
		HideSolutionNode = FALSE
	EndGlobalSection
	GlobalSection(ExtensibilityGlobals) = postSolution
		SolutionGuid = {28485A7D-A1E1-42B0-8885-271478D03B39}
	EndGlobalSection
EndGlobal
