
Microsoft Visual Studio Solution File, Format Version 12.00
# Visual Studio Version 16
VisualStudioVersion = 16.0.30225.117
MinimumVisualStudioVersion = 10.0.40219.1
Project("{FAE04EC0-301F-11D3-BF4B-00C04F79EFBC}") = "uz1", "uz1.csproj", "{12B6FED3-452C-41B2-AC0E-3D9BEC275CE5}"
EndProject
Global
	GlobalSection(SolutionConfigurationPlatforms) = preSolution
		Debug|Any CPU = Debug|Any CPU
		Release|Any CPU = Release|Any CPU
	EndGlobalSection
	GlobalSection(ProjectConfigurationPlatforms) = postSolution
		{12B6FED3-452C-41B2-AC0E-3D9BEC275CE5}.Debug|Any CPU.ActiveCfg = Debug|Any CPU
		{12B6FED3-452C-41B2-AC0E-3D9BEC275CE5}.Debug|Any CPU.Build.0 = Debug|Any CPU
		{12B6FED3-452C-41B2-AC0E-3D9BEC275CE5}.Release|Any CPU.ActiveCfg = Release|Any CPU
		{12B6FED3-452C-41B2-AC0E-3D9BEC275CE5}.Release|Any CPU.Build.0 = Release|Any CPU
	EndGlobalSection
	GlobalSection(SolutionProperties) = preSolution
		HideSolutionNode = FALSE
	EndGlobalSection
	GlobalSection(ExtensibilityGlobals) = postSolution
		SolutionGuid = {E8B277D5-BDDE-4B93-88F2-C0A23DEC34F7}
	EndGlobalSection
EndGlobal
