
Microsoft Visual Studio Solution File, Format Version 12.00
# Visual Studio Version 16
VisualStudioVersion = 16.0.30128.74
MinimumVisualStudioVersion = 10.0.40219.1
Project("{FAE04EC0-301F-11D3-BF4B-00C04F79EFBC}") = "3", "3.csproj", "{74FCBE13-E779-4D4E-93AB-3531E70AD863}"
EndProject
Global
	GlobalSection(SolutionConfigurationPlatforms) = preSolution
		Debug|Any CPU = Debug|Any CPU
		Release|Any CPU = Release|Any CPU
	EndGlobalSection
	GlobalSection(ProjectConfigurationPlatforms) = postSolution
		{74FCBE13-E779-4D4E-93AB-3531E70AD863}.Debug|Any CPU.ActiveCfg = Debug|Any CPU
		{74FCBE13-E779-4D4E-93AB-3531E70AD863}.Debug|Any CPU.Build.0 = Debug|Any CPU
		{74FCBE13-E779-4D4E-93AB-3531E70AD863}.Release|Any CPU.ActiveCfg = Release|Any CPU
		{74FCBE13-E779-4D4E-93AB-3531E70AD863}.Release|Any CPU.Build.0 = Release|Any CPU
	EndGlobalSection
	GlobalSection(SolutionProperties) = preSolution
		HideSolutionNode = FALSE
	EndGlobalSection
	GlobalSection(ExtensibilityGlobals) = postSolution
		SolutionGuid = {DBF751C1-7DAE-4136-9CC8-366766FD309A}
	EndGlobalSection
EndGlobal
