
Microsoft Visual Studio Solution File, Format Version 12.00
# Visual Studio Version 16
VisualStudioVersion = 16.0.30128.74
MinimumVisualStudioVersion = 10.0.40219.1
Project("{FAE04EC0-301F-11D3-BF4B-00C04F79EFBC}") = "while-2", "while-2.csproj", "{17348A93-9905-4FFA-9395-BF0309D08BA6}"
EndProject
Global
	GlobalSection(SolutionConfigurationPlatforms) = preSolution
		Debug|Any CPU = Debug|Any CPU
		Release|Any CPU = Release|Any CPU
	EndGlobalSection
	GlobalSection(ProjectConfigurationPlatforms) = postSolution
		{17348A93-9905-4FFA-9395-BF0309D08BA6}.Debug|Any CPU.ActiveCfg = Debug|Any CPU
		{17348A93-9905-4FFA-9395-BF0309D08BA6}.Debug|Any CPU.Build.0 = Debug|Any CPU
		{17348A93-9905-4FFA-9395-BF0309D08BA6}.Release|Any CPU.ActiveCfg = Release|Any CPU
		{17348A93-9905-4FFA-9395-BF0309D08BA6}.Release|Any CPU.Build.0 = Release|Any CPU
	EndGlobalSection
	GlobalSection(SolutionProperties) = preSolution
		HideSolutionNode = FALSE
	EndGlobalSection
	GlobalSection(ExtensibilityGlobals) = postSolution
		SolutionGuid = {7561E58C-F918-4687-A693-00DA143BBF64}
	EndGlobalSection
EndGlobal
