
Microsoft Visual Studio Solution File, Format Version 12.00
# Visual Studio Version 16
VisualStudioVersion = 16.0.30204.135
MinimumVisualStudioVersion = 10.0.40219.1
Project("{FAE04EC0-301F-11D3-BF4B-00C04F79EFBC}") = "classroom_uz-2", "classroom_uz-2.csproj", "{B713097E-7BB5-457A-ACD8-E4F5FD352563}"
EndProject
Global
	GlobalSection(SolutionConfigurationPlatforms) = preSolution
		Debug|Any CPU = Debug|Any CPU
		Release|Any CPU = Release|Any CPU
	EndGlobalSection
	GlobalSection(ProjectConfigurationPlatforms) = postSolution
		{B713097E-7BB5-457A-ACD8-E4F5FD352563}.Debug|Any CPU.ActiveCfg = Debug|Any CPU
		{B713097E-7BB5-457A-ACD8-E4F5FD352563}.Debug|Any CPU.Build.0 = Debug|Any CPU
		{B713097E-7BB5-457A-ACD8-E4F5FD352563}.Release|Any CPU.ActiveCfg = Release|Any CPU
		{B713097E-7BB5-457A-ACD8-E4F5FD352563}.Release|Any CPU.Build.0 = Release|Any CPU
	EndGlobalSection
	GlobalSection(SolutionProperties) = preSolution
		HideSolutionNode = FALSE
	EndGlobalSection
	GlobalSection(ExtensibilityGlobals) = postSolution
		SolutionGuid = {400FE5B1-A72A-4701-9CF3-FC8B94C1C7C9}
	EndGlobalSection
EndGlobal
