
Microsoft Visual Studio Solution File, Format Version 12.00
# Visual Studio Version 16
VisualStudioVersion = 16.0.30204.135
MinimumVisualStudioVersion = 10.0.40219.1
Project("{FAE04EC0-301F-11D3-BF4B-00C04F79EFBC}") = "WindowsFormsApp2 -uz3", "WindowsFormsApp2 -uz3.csproj", "{9FB1B7B7-AE19-4312-832F-3BA8BB4C59EC}"
EndProject
Global
	GlobalSection(SolutionConfigurationPlatforms) = preSolution
		Debug|Any CPU = Debug|Any CPU
		Release|Any CPU = Release|Any CPU
	EndGlobalSection
	GlobalSection(ProjectConfigurationPlatforms) = postSolution
		{9FB1B7B7-AE19-4312-832F-3BA8BB4C59EC}.Debug|Any CPU.ActiveCfg = Debug|Any CPU
		{9FB1B7B7-AE19-4312-832F-3BA8BB4C59EC}.Debug|Any CPU.Build.0 = Debug|Any CPU
		{9FB1B7B7-AE19-4312-832F-3BA8BB4C59EC}.Release|Any CPU.ActiveCfg = Release|Any CPU
		{9FB1B7B7-AE19-4312-832F-3BA8BB4C59EC}.Release|Any CPU.Build.0 = Release|Any CPU
	EndGlobalSection
	GlobalSection(SolutionProperties) = preSolution
		HideSolutionNode = FALSE
	EndGlobalSection
	GlobalSection(ExtensibilityGlobals) = postSolution
		SolutionGuid = {7B89B1AD-38C7-4C2F-996D-B56DC355EBC6}
	EndGlobalSection
EndGlobal
