
Microsoft Visual Studio Solution File, Format Version 12.00
# Visual Studio Version 16
VisualStudioVersion = 16.0.30204.135
MinimumVisualStudioVersion = 10.0.40219.1
Project("{FAE04EC0-301F-11D3-BF4B-00C04F79EFBC}") = "uz_DienuTemperaturos", "uz_DienuTemperaturos.csproj", "{EE063F41-05FE-4662-AAF4-917C604E8E32}"
EndProject
Global
	GlobalSection(SolutionConfigurationPlatforms) = preSolution
		Debug|Any CPU = Debug|Any CPU
		Release|Any CPU = Release|Any CPU
	EndGlobalSection
	GlobalSection(ProjectConfigurationPlatforms) = postSolution
		{EE063F41-05FE-4662-AAF4-917C604E8E32}.Debug|Any CPU.ActiveCfg = Debug|Any CPU
		{EE063F41-05FE-4662-AAF4-917C604E8E32}.Debug|Any CPU.Build.0 = Debug|Any CPU
		{EE063F41-05FE-4662-AAF4-917C604E8E32}.Release|Any CPU.ActiveCfg = Release|Any CPU
		{EE063F41-05FE-4662-AAF4-917C604E8E32}.Release|Any CPU.Build.0 = Release|Any CPU
	EndGlobalSection
	GlobalSection(SolutionProperties) = preSolution
		HideSolutionNode = FALSE
	EndGlobalSection
	GlobalSection(ExtensibilityGlobals) = postSolution
		SolutionGuid = {45D02D92-BE51-4622-AC56-40838C856BE9}
	EndGlobalSection
EndGlobal
